<?xml version="1.0" encoding="utf-8"?>
<Project ToolsVersion="14.0" xmlns="http://schemas.microsoft.com/developer/msbuild/2003">
  <ItemGroup>
    <ClCompile Include="E:\MyGit\compress\zlib-master\adler32.c">
      <Filter>Source Files</Filter>
    </ClCompile>
    <ClCompile Include="E:\MyGit\compress\zlib-master\compress.c">
      <Filter>Source Files</Filter>
    </ClCompile>
    <ClCompile Include="E:\MyGit\compress\zlib-master\crc32.c">
      <Filter>Source Files</Filter>
    </ClCompile>
    <ClCompile Include="E:\MyGit\compress\zlib-master\deflate.c">
      <Filter>Source Files</Filter>
    </ClCompile>
    <ClCompile Include="E:\MyGit\compress\zlib-master\gzclose.c">
      <Filter>Source Files</Filter>
    </ClCompile>
    <ClCompile Include="E:\MyGit\compress\zlib-master\gzlib.c">
      <Filter>Source Files</Filter>
    </ClCompile>
    <ClCompile Include="E:\MyGit\compress\zlib-master\gzread.c">
      <Filter>Source Files</Filter>
    </ClCompile>
    <ClCompile Include="E:\MyGit\compress\zlib-master\gzwrite.c">
      <Filter>Source Files</Filter>
    </ClCompile>
    <ClCompile Include="E:\MyGit\compress\zlib-master\inflate.c">
      <Filter>Source Files</Filter>
    </ClCompile>
    <ClCompile Include="E:\MyGit\compress\zlib-master\infback.c">
      <Filter>Source Files</Filter>
    </ClCompile>
    <ClCompile Include="E:\MyGit\compress\zlib-master\inftrees.c">
      <Filter>Source Files</Filter>
    </ClCompile>
    <ClCompile Include="E:\MyGit\compress\zlib-master\inffast.c">
      <Filter>Source Files</Filter>
    </ClCompile>
    <ClCompile Include="E:\MyGit\compress\zlib-master\trees.c">
      <Filter>Source Files</Filter>
    </ClCompile>
    <ClCompile Include="E:\MyGit\compress\zlib-master\uncompr.c">
      <Filter>Source Files</Filter>
    </ClCompile>
    <ClCompile Include="E:\MyGit\compress\zlib-master\zutil.c">
      <Filter>Source Files</Filter>
    </ClCompile>
  </ItemGroup>
  <ItemGroup>
    <ClInclude Include="E:\MyGit\compress\zlib-master\zconf.h">
      <Filter>Header Files</Filter>
    </ClInclude>
    <ClInclude Include="E:\MyGit\compress\zlib-master\zlib.h">
      <Filter>Header Files</Filter>
    </ClInclude>
    <ClInclude Include="E:\MyGit\compress\zlib-master\crc32.h">
      <Filter>Header Files</Filter>
    </ClInclude>
    <ClInclude Include="E:\MyGit\compress\zlib-master\deflate.h">
      <Filter>Header Files</Filter>
    </ClInclude>
    <ClInclude Include="E:\MyGit\compress\zlib-master\gzguts.h">
      <Filter>Header Files</Filter>
    </ClInclude>
    <ClInclude Include="E:\MyGit\compress\zlib-master\inffast.h">
      <Filter>Header Files</Filter>
    </ClInclude>
    <ClInclude Include="E:\MyGit\compress\zlib-master\inffixed.h">
      <Filter>Header Files</Filter>
    </ClInclude>
    <ClInclude Include="E:\MyGit\compress\zlib-master\inflate.h">
      <Filter>Header Files</Filter>
    </ClInclude>
    <ClInclude Include="E:\MyGit\compress\zlib-master\inftrees.h">
      <Filter>Header Files</Filter>
    </ClInclude>
    <ClInclude Include="E:\MyGit\compress\zlib-master\trees.h">
      <Filter>Header Files</Filter>
    </ClInclude>
    <ClInclude Include="E:\MyGit\compress\zlib-master\zutil.h">
      <Filter>Header Files</Filter>
    </ClInclude>
  </ItemGroup>
  <ItemGroup>
    <CustomBuild Include="E:\MyGit\compress\zlib-master\CMakeLists.txt" />
  </ItemGroup>
  <ItemGroup>
    <ResourceCompile Include="E:\MyGit\compress\zlib-master\win32\zlib1.rc">
      <Filter>Source Files</Filter>
    </ResourceCompile>
  </ItemGroup>
  <ItemGroup>
    <Filter Include="Header Files">
      <UniqueIdentifier>{612B469C-97CA-3CA5-A0F4-FE108059B564}</UniqueIdentifier>
    </Filter>
    <Filter Include="Source Files">
      <UniqueIdentifier>{02A1ADEE-632F-3AE7-B7DA-4D369F84AFF3}</UniqueIdentifier>
    </Filter>
  </ItemGroup>
</Project>
